
Microsoft Visual Studio Solution File, Format Version 12.00
# Visual Studio 15
VisualStudioVersion = 15.0.28307.421
MinimumVisualStudioVersion = 10.0.40219.1
Project("{FAE04EC0-301F-11D3-BF4B-00C04F79EFBC}") = "RBtn_Msg", "RBtn_Msg\RBtn_Msg.csproj", "{4F86648F-719B-440F-B2E5-3C22565BDF3A}"
EndProject
Global
	GlobalSection(SolutionConfigurationPlatforms) = preSolution
		Debug|Any CPU = Debug|Any CPU
		Release|Any CPU = Release|Any CPU
	EndGlobalSection
	GlobalSection(ProjectConfigurationPlatforms) = postSolution
		{4F86648F-719B-440F-B2E5-3C22565BDF3A}.Debug|Any CPU.ActiveCfg = Debug|Any CPU
		{4F86648F-719B-440F-B2E5-3C22565BDF3A}.Debug|Any CPU.Build.0 = Debug|Any CPU
		{4F86648F-719B-440F-B2E5-3C22565BDF3A}.Release|Any CPU.ActiveCfg = Release|Any CPU
		{4F86648F-719B-440F-B2E5-3C22565BDF3A}.Release|Any CPU.Build.0 = Release|Any CPU
	EndGlobalSection
	GlobalSection(SolutionProperties) = preSolution
		HideSolutionNode = FALSE
	EndGlobalSection
	GlobalSection(ExtensibilityGlobals) = postSolution
		SolutionGuid = {891FA1F4-CDC7-49AB-9668-9CC57F9A77C1}
	EndGlobalSection
EndGlobal
